
Microsoft Visual Studio Solution File, Format Version 12.00
# Visual Studio Version 16
VisualStudioVersion = 16.0.31702.278
MinimumVisualStudioVersion = 10.0.40219.1
Project("{FAE04EC0-301F-11D3-BF4B-00C04F79EFBC}") = "InsuranceService", "InsuranceService\InsuranceService.csproj", "{30DA8816-0A34-4973-A12A-37AAE3393285}"
EndProject
Global
	GlobalSection(SolutionConfigurationPlatforms) = preSolution
		Debug|Any CPU = Debug|Any CPU
		Release|Any CPU = Release|Any CPU
	EndGlobalSection
	GlobalSection(ProjectConfigurationPlatforms) = postSolution
		{30DA8816-0A34-4973-A12A-37AAE3393285}.Debug|Any CPU.ActiveCfg = Debug|Any CPU
		{30DA8816-0A34-4973-A12A-37AAE3393285}.Debug|Any CPU.Build.0 = Debug|Any CPU
		{30DA8816-0A34-4973-A12A-37AAE3393285}.Release|Any CPU.ActiveCfg = Release|Any CPU
		{30DA8816-0A34-4973-A12A-37AAE3393285}.Release|Any CPU.Build.0 = Release|Any CPU
	EndGlobalSection
	GlobalSection(SolutionProperties) = preSolution
		HideSolutionNode = FALSE
	EndGlobalSection
	GlobalSection(ExtensibilityGlobals) = postSolution
		SolutionGuid = {FA677FA3-4F2D-48C7-B2AB-353DFB3D71D2}
	EndGlobalSection
EndGlobal
